
Microsoft Visual Studio Solution File, Format Version 12.00
# Visual Studio Version 17
VisualStudioVersion = 17.9.34723.18
MinimumVisualStudioVersion = 10.0.40219.1
Project("{2150E333-8FDC-42A3-9474-1A3956D46DE8}") = "Application", "Application", "{F62ADC79-0AAE-4BF3-9531-1D05804F30B6}"
EndProject
Project("{9A19103F-16F7-4668-BE54-9A1E7A4F7556}") = "PersonManager.Application", "Application\PersonManager.Application\PersonManager.Application.csproj", "{5E4E8171-3C87-4F03-A1AB-5363CCCC05FE}"
EndProject
Project("{2150E333-8FDC-42A3-9474-1A3956D46DE8}") = "Domain", "Domain", "{4634E9BB-12CF-42C1-999A-A34F6EA3B1AF}"
EndProject
Project("{2150E333-8FDC-42A3-9474-1A3956D46DE8}") = "Infrastructure", "Infrastructure", "{E1AED005-2501-4CEB-80BA-FCFBFD78FB55}"
EndProject
Project("{2150E333-8FDC-42A3-9474-1A3956D46DE8}") = "Presentation", "Presentation", "{AE15F930-C402-44B6-A63D-C30E8C727E70}"
EndProject
Project("{9A19103F-16F7-4668-BE54-9A1E7A4F7556}") = "PersonManager.Domain", "Domain\PersonManager.Domain\PersonManager.Domain.csproj", "{0CEA8C61-2528-42BF-A783-B4D00884497B}"
EndProject
Project("{9A19103F-16F7-4668-BE54-9A1E7A4F7556}") = "PersonManager.Common", "Infrastructure\PersonManager.Common\PersonManager.Common.csproj", "{B803402D-46C9-44D8-AC6E-BFE02E4C159E}"
EndProject
Project("{9A19103F-16F7-4668-BE54-9A1E7A4F7556}") = "PersonManager.Persistence", "Infrastructure\PersonManager.Persistence\PersonManager.Persistence.csproj", "{F79E0669-D6B3-4D8C-A368-4172A33F99F5}"
EndProject
Project("{9A19103F-16F7-4668-BE54-9A1E7A4F7556}") = "PersonManager.UI", "Presentation\PersonManager.UI\PersonManager.UI.csproj", "{4863C168-456D-44DA-AF34-C0D274C256F2}"
EndProject
Project("{9A19103F-16F7-4668-BE54-9A1E7A4F7556}") = "PersonManager.WebAPI", "Presentation\PersonManager.WebAPI\PersonManager.WebAPI.csproj", "{CB33D703-FBCD-4DC1-8033-4FBFF68EA0BB}"
EndProject
Project("{9A19103F-16F7-4668-BE54-9A1E7A4F7556}") = "PersonManager.Application.Abstractions", "Application\PersonManager.Application.Abstractions\PersonManager.Application.Abstractions.csproj", "{1F581C1D-584F-4CC3-88F1-A3E82BF7F6B8}"
EndProject
Project("{2150E333-8FDC-42A3-9474-1A3956D46DE8}") = "RabbitMQ", "RabbitMQ", "{4FCFAF54-A18E-40B7-BE4E-1A98040A565E}"
EndProject
Project("{FAE04EC0-301F-11D3-BF4B-00C04F79EFBC}") = "PersonManager.RabbitMQ", "RabbitMQ\PersonManager.RabbitMQ\PersonManager.RabbitMQ.csproj", "{C732C399-D8F8-49C9-B5C3-E7458E855E25}"
EndProject
Project("{2150E333-8FDC-42A3-9474-1A3956D46DE8}") = "UnitTest", "UnitTest", "{4F0D2BC0-3B45-45C7-8281-7561D43DD293}"
EndProject
Project("{FAE04EC0-301F-11D3-BF4B-00C04F79EFBC}") = "PersonManager.XUnit", "UnitTest\PersonManager.XUnit\PersonManager.XUnit.csproj", "{EC1CB8CE-595E-494C-A7CC-AA13AB94142E}"
EndProject
Global
	GlobalSection(SolutionConfigurationPlatforms) = preSolution
		Debug|Any CPU = Debug|Any CPU
		Release|Any CPU = Release|Any CPU
	EndGlobalSection
	GlobalSection(ProjectConfigurationPlatforms) = postSolution
		{5E4E8171-3C87-4F03-A1AB-5363CCCC05FE}.Debug|Any CPU.ActiveCfg = Debug|Any CPU
		{5E4E8171-3C87-4F03-A1AB-5363CCCC05FE}.Debug|Any CPU.Build.0 = Debug|Any CPU
		{5E4E8171-3C87-4F03-A1AB-5363CCCC05FE}.Release|Any CPU.ActiveCfg = Release|Any CPU
		{5E4E8171-3C87-4F03-A1AB-5363CCCC05FE}.Release|Any CPU.Build.0 = Release|Any CPU
		{0CEA8C61-2528-42BF-A783-B4D00884497B}.Debug|Any CPU.ActiveCfg = Debug|Any CPU
		{0CEA8C61-2528-42BF-A783-B4D00884497B}.Debug|Any CPU.Build.0 = Debug|Any CPU
		{0CEA8C61-2528-42BF-A783-B4D00884497B}.Release|Any CPU.ActiveCfg = Release|Any CPU
		{0CEA8C61-2528-42BF-A783-B4D00884497B}.Release|Any CPU.Build.0 = Release|Any CPU
		{B803402D-46C9-44D8-AC6E-BFE02E4C159E}.Debug|Any CPU.ActiveCfg = Debug|Any CPU
		{B803402D-46C9-44D8-AC6E-BFE02E4C159E}.Debug|Any CPU.Build.0 = Debug|Any CPU
		{B803402D-46C9-44D8-AC6E-BFE02E4C159E}.Release|Any CPU.ActiveCfg = Release|Any CPU
		{B803402D-46C9-44D8-AC6E-BFE02E4C159E}.Release|Any CPU.Build.0 = Release|Any CPU
		{F79E0669-D6B3-4D8C-A368-4172A33F99F5}.Debug|Any CPU.ActiveCfg = Debug|Any CPU
		{F79E0669-D6B3-4D8C-A368-4172A33F99F5}.Debug|Any CPU.Build.0 = Debug|Any CPU
		{F79E0669-D6B3-4D8C-A368-4172A33F99F5}.Release|Any CPU.ActiveCfg = Release|Any CPU
		{F79E0669-D6B3-4D8C-A368-4172A33F99F5}.Release|Any CPU.Build.0 = Release|Any CPU
		{4863C168-456D-44DA-AF34-C0D274C256F2}.Debug|Any CPU.ActiveCfg = Debug|Any CPU
		{4863C168-456D-44DA-AF34-C0D274C256F2}.Debug|Any CPU.Build.0 = Debug|Any CPU
		{4863C168-456D-44DA-AF34-C0D274C256F2}.Release|Any CPU.ActiveCfg = Release|Any CPU
		{4863C168-456D-44DA-AF34-C0D274C256F2}.Release|Any CPU.Build.0 = Release|Any CPU
		{CB33D703-FBCD-4DC1-8033-4FBFF68EA0BB}.Debug|Any CPU.ActiveCfg = Debug|Any CPU
		{CB33D703-FBCD-4DC1-8033-4FBFF68EA0BB}.Debug|Any CPU.Build.0 = Debug|Any CPU
		{CB33D703-FBCD-4DC1-8033-4FBFF68EA0BB}.Release|Any CPU.ActiveCfg = Release|Any CPU
		{CB33D703-FBCD-4DC1-8033-4FBFF68EA0BB}.Release|Any CPU.Build.0 = Release|Any CPU
		{1F581C1D-584F-4CC3-88F1-A3E82BF7F6B8}.Debug|Any CPU.ActiveCfg = Debug|Any CPU
		{1F581C1D-584F-4CC3-88F1-A3E82BF7F6B8}.Debug|Any CPU.Build.0 = Debug|Any CPU
		{1F581C1D-584F-4CC3-88F1-A3E82BF7F6B8}.Release|Any CPU.ActiveCfg = Release|Any CPU
		{1F581C1D-584F-4CC3-88F1-A3E82BF7F6B8}.Release|Any CPU.Build.0 = Release|Any CPU
		{C732C399-D8F8-49C9-B5C3-E7458E855E25}.Debug|Any CPU.ActiveCfg = Debug|Any CPU
		{C732C399-D8F8-49C9-B5C3-E7458E855E25}.Debug|Any CPU.Build.0 = Debug|Any CPU
		{C732C399-D8F8-49C9-B5C3-E7458E855E25}.Release|Any CPU.ActiveCfg = Release|Any CPU
		{C732C399-D8F8-49C9-B5C3-E7458E855E25}.Release|Any CPU.Build.0 = Release|Any CPU
		{EC1CB8CE-595E-494C-A7CC-AA13AB94142E}.Debug|Any CPU.ActiveCfg = Debug|Any CPU
		{EC1CB8CE-595E-494C-A7CC-AA13AB94142E}.Debug|Any CPU.Build.0 = Debug|Any CPU
		{EC1CB8CE-595E-494C-A7CC-AA13AB94142E}.Release|Any CPU.ActiveCfg = Release|Any CPU
		{EC1CB8CE-595E-494C-A7CC-AA13AB94142E}.Release|Any CPU.Build.0 = Release|Any CPU
	EndGlobalSection
	GlobalSection(SolutionProperties) = preSolution
		HideSolutionNode = FALSE
	EndGlobalSection
	GlobalSection(NestedProjects) = preSolution
		{5E4E8171-3C87-4F03-A1AB-5363CCCC05FE} = {F62ADC79-0AAE-4BF3-9531-1D05804F30B6}
		{0CEA8C61-2528-42BF-A783-B4D00884497B} = {4634E9BB-12CF-42C1-999A-A34F6EA3B1AF}
		{B803402D-46C9-44D8-AC6E-BFE02E4C159E} = {E1AED005-2501-4CEB-80BA-FCFBFD78FB55}
		{F79E0669-D6B3-4D8C-A368-4172A33F99F5} = {E1AED005-2501-4CEB-80BA-FCFBFD78FB55}
		{4863C168-456D-44DA-AF34-C0D274C256F2} = {AE15F930-C402-44B6-A63D-C30E8C727E70}
		{CB33D703-FBCD-4DC1-8033-4FBFF68EA0BB} = {AE15F930-C402-44B6-A63D-C30E8C727E70}
		{1F581C1D-584F-4CC3-88F1-A3E82BF7F6B8} = {F62ADC79-0AAE-4BF3-9531-1D05804F30B6}
		{C732C399-D8F8-49C9-B5C3-E7458E855E25} = {4FCFAF54-A18E-40B7-BE4E-1A98040A565E}
		{EC1CB8CE-595E-494C-A7CC-AA13AB94142E} = {4F0D2BC0-3B45-45C7-8281-7561D43DD293}
	EndGlobalSection
	GlobalSection(ExtensibilityGlobals) = postSolution
		SolutionGuid = {10B54F4B-FF84-4687-92EE-5DB23C4017B6}
	EndGlobalSection
EndGlobal
